{
  "name": "can-i-ignore-scripts",
  "version": "0.4.0",
  "lockfileVersion": 2,
  "requires": true,
  "packages": {
    "": {
      "name": "can-i-ignore-scripts",
      "version": "0.4.0",
      "license": "Apache-2.0",
      "bin": {
        "can-i-ignore-scripts": "index.js"
      },
      "devDependencies": {
        "not-really-a-package": "^1.0.1"
      }
    },
    "node_modules/not-really-a-package": {
      "version": "1.0.1",
      "resolved": "https://registry.npmjs.org/not-really-a-package/-/not-really-a-package-1.0.1.tgz",
      "integrity": "sha512-TxZxoU2PURUMT3EIdIZvfEME4AM7nkM8kSzAPijv1FXaluzvCISiBsiJyQhcfQ7zVvEOD/mXaldV3A7hMDwQOg==",
      "dev": true,
      "hasInstallScript": true,
      "license": "MIT"
    }
  },
  "dependencies": {
    "not-really-a-package": {
      "version": "1.0.1",
      "resolved": "https://registry.npmjs.org/not-really-a-package/-/not-really-a-package-1.0.1.tgz",
      "integrity": "sha512-TxZxoU2PURUMT3EIdIZvfEME4AM7nkM8kSzAPijv1FXaluzvCISiBsiJyQhcfQ7zVvEOD/mXaldV3A7hMDwQOg==",
      "dev": true
    }
  }
}
